
Microsoft Visual Studio Solution File, Format Version 12.00
Project("{FAE04EC0-301F-11D3-BF4B-00C04F79EFBC}") = "RevitLookup.Abstractions", "source\RevitLookup.Abstractions\RevitLookup.Abstractions.csproj", "{71AAD043-A063-F08F-42F4-BF2AA43BEDA4}"
EndProject
Project("{FAE04EC0-301F-11D3-BF4B-00C04F79EFBC}") = "RevitLookup.Common", "source\RevitLookup.Common\RevitLookup.Common.csproj", "{73ABAE95-3197-9EDD-91B6-7E98656CF7D1}"
EndProject
Project("{2150E333-8FDC-42A3-9474-1A3956D46DE8}") = "Automation", "Automation", "{BE4A8008-4A00-8C08-26C2-BD576741EBBE}"
EndProject
Project("{FAE04EC0-301F-11D3-BF4B-00C04F79EFBC}") = "Build", "build\Build.csproj", "{7DF908B3-503D-51C2-3675-626DC2895B77}"
EndProject
Project("{FAE04EC0-301F-11D3-BF4B-00C04F79EFBC}") = "Installer", "install\Installer.csproj", "{0B3682BA-1074-598D-D8A6-04BB7116F36C}"
EndProject
Project("{2150E333-8FDC-42A3-9474-1A3956D46DE8}") = "Engine", "Engine", "{D585295F-7994-3649-1065-7AA403C41681}"
EndProject
Project("{FAE04EC0-301F-11D3-BF4B-00C04F79EFBC}") = "LookupEngine.Abstractions", "source\LookupEngine\source\LookupEngine.Abstractions\LookupEngine.Abstractions.csproj", "{0D371EE0-CACB-A06A-D782-AE132BC451AF}"
EndProject
Project("{FAE04EC0-301F-11D3-BF4B-00C04F79EFBC}") = "LookupEngine", "source\LookupEngine\source\LookupEngine\LookupEngine.csproj", "{BCD9FF6E-BE02-B415-B044-ED1BF2A6C78C}"
EndProject
Project("{2150E333-8FDC-42A3-9474-1A3956D46DE8}") = "Frontend", "Frontend", "{CE609670-85B9-0D16-FB54-ED063D5D8A6D}"
EndProject
Project("{FAE04EC0-301F-11D3-BF4B-00C04F79EFBC}") = "LookupEngine.UI.Abstractions", "source\LookupEngine.UI\source\LookupEngine.UI.Abstractions\LookupEngine.UI.Abstractions.csproj", "{9C404DD0-7432-AC52-C418-C8553495A0E3}"
EndProject
Project("{FAE04EC0-301F-11D3-BF4B-00C04F79EFBC}") = "RevitLookup.UI.Framework", "source\RevitLookup.UI.Framework\RevitLookup.UI.Framework.csproj", "{925534FD-C38B-5571-23B0-62982B24DC6C}"
EndProject
Project("{FAE04EC0-301F-11D3-BF4B-00C04F79EFBC}") = "RevitLookup.UI.Playground", "source\RevitLookup.UI.Playground\RevitLookup.UI.Playground.csproj", "{4FADCDA4-2A63-BF3E-03C8-20102440CA7C}"
EndProject
Project("{FAE04EC0-301F-11D3-BF4B-00C04F79EFBC}") = "LookupEngine.UI", "source\LookupEngine.UI\source\LookupEngine.UI\LookupEngine.UI.csproj", "{E182145B-2BE1-3255-60A4-5938576D89D9}"
EndProject
Project("{2150E333-8FDC-42A3-9474-1A3956D46DE8}") = "Revit", "Revit", "{D64246B1-3E22-9D95-23C6-14262B074D58}"
EndProject
Project("{FAE04EC0-301F-11D3-BF4B-00C04F79EFBC}") = "RevitLookup", "source\RevitLookup\RevitLookup.csproj", "{7B7CA95C-9873-5ADB-DBCF-B46046742163}"
EndProject
Project("{2150E333-8FDC-42A3-9474-1A3956D46DE8}") = "Solution Items", "Solution Items", "{089100B1-113F-4E66-888A-E83F3999EAFD}"
	ProjectSection(SolutionItems) = preProject
		Readme.md = Readme.md
		Changelog.md = Changelog.md
		Contributing.md = Contributing.md
		Build\Build.Configuration.cs = Build\Build.Configuration.cs
		Directory.Packages.props = Directory.Packages.props
		Directory.Build.props = Directory.Build.props
	EndProjectSection
EndProject
Global
	GlobalSection(SolutionConfigurationPlatforms) = preSolution
		Debug Frontend|Any CPU = Debug Frontend|Any CPU
		Debug R21|Any CPU = Debug R21|Any CPU
		Debug R22|Any CPU = Debug R22|Any CPU
		Debug R23|Any CPU = Debug R23|Any CPU
		Debug R24|Any CPU = Debug R24|Any CPU
		Debug R25|Any CPU = Debug R25|Any CPU
		Debug R26|Any CPU = Debug R26|Any CPU
		Release Frontend|Any CPU = Release Frontend|Any CPU
		Release R21|Any CPU = Release R21|Any CPU
		Release R22|Any CPU = Release R22|Any CPU
		Release R23|Any CPU = Release R23|Any CPU
		Release R24|Any CPU = Release R24|Any CPU
		Release R25|Any CPU = Release R25|Any CPU
		Release R26|Any CPU = Release R26|Any CPU
	EndGlobalSection
	GlobalSection(ProjectConfigurationPlatforms) = postSolution
		{71AAD043-A063-F08F-42F4-BF2AA43BEDA4}.Debug Frontend|Any CPU.ActiveCfg = Debug|Any CPU
		{71AAD043-A063-F08F-42F4-BF2AA43BEDA4}.Debug Frontend|Any CPU.Build.0 = Debug|Any CPU
		{71AAD043-A063-F08F-42F4-BF2AA43BEDA4}.Debug R21|Any CPU.ActiveCfg = Debug|Any CPU
		{71AAD043-A063-F08F-42F4-BF2AA43BEDA4}.Debug R21|Any CPU.Build.0 = Debug|Any CPU
		{71AAD043-A063-F08F-42F4-BF2AA43BEDA4}.Debug R22|Any CPU.ActiveCfg = Debug|Any CPU
		{71AAD043-A063-F08F-42F4-BF2AA43BEDA4}.Debug R22|Any CPU.Build.0 = Debug|Any CPU
		{71AAD043-A063-F08F-42F4-BF2AA43BEDA4}.Debug R23|Any CPU.ActiveCfg = Debug|Any CPU
		{71AAD043-A063-F08F-42F4-BF2AA43BEDA4}.Debug R23|Any CPU.Build.0 = Debug|Any CPU
		{71AAD043-A063-F08F-42F4-BF2AA43BEDA4}.Debug R24|Any CPU.ActiveCfg = Debug|Any CPU
		{71AAD043-A063-F08F-42F4-BF2AA43BEDA4}.Debug R24|Any CPU.Build.0 = Debug|Any CPU
		{71AAD043-A063-F08F-42F4-BF2AA43BEDA4}.Debug R25|Any CPU.ActiveCfg = Debug|Any CPU
		{71AAD043-A063-F08F-42F4-BF2AA43BEDA4}.Debug R25|Any CPU.Build.0 = Debug|Any CPU
		{71AAD043-A063-F08F-42F4-BF2AA43BEDA4}.Debug R26|Any CPU.ActiveCfg = Debug|Any CPU
		{71AAD043-A063-F08F-42F4-BF2AA43BEDA4}.Debug R26|Any CPU.Build.0 = Debug|Any CPU
		{71AAD043-A063-F08F-42F4-BF2AA43BEDA4}.Release Frontend|Any CPU.ActiveCfg = Release|Any CPU
		{71AAD043-A063-F08F-42F4-BF2AA43BEDA4}.Release Frontend|Any CPU.Build.0 = Release|Any CPU
		{71AAD043-A063-F08F-42F4-BF2AA43BEDA4}.Release R21|Any CPU.ActiveCfg = Release|Any CPU
		{71AAD043-A063-F08F-42F4-BF2AA43BEDA4}.Release R21|Any CPU.Build.0 = Release|Any CPU
		{71AAD043-A063-F08F-42F4-BF2AA43BEDA4}.Release R22|Any CPU.ActiveCfg = Release|Any CPU
		{71AAD043-A063-F08F-42F4-BF2AA43BEDA4}.Release R22|Any CPU.Build.0 = Release|Any CPU
		{71AAD043-A063-F08F-42F4-BF2AA43BEDA4}.Release R23|Any CPU.ActiveCfg = Release|Any CPU
		{71AAD043-A063-F08F-42F4-BF2AA43BEDA4}.Release R23|Any CPU.Build.0 = Release|Any CPU
		{71AAD043-A063-F08F-42F4-BF2AA43BEDA4}.Release R24|Any CPU.ActiveCfg = Release|Any CPU
		{71AAD043-A063-F08F-42F4-BF2AA43BEDA4}.Release R24|Any CPU.Build.0 = Release|Any CPU
		{71AAD043-A063-F08F-42F4-BF2AA43BEDA4}.Release R25|Any CPU.ActiveCfg = Release|Any CPU
		{71AAD043-A063-F08F-42F4-BF2AA43BEDA4}.Release R25|Any CPU.Build.0 = Release|Any CPU
		{71AAD043-A063-F08F-42F4-BF2AA43BEDA4}.Release R26|Any CPU.ActiveCfg = Release|Any CPU
		{71AAD043-A063-F08F-42F4-BF2AA43BEDA4}.Release R26|Any CPU.Build.0 = Release|Any CPU
		{73ABAE95-3197-9EDD-91B6-7E98656CF7D1}.Debug Frontend|Any CPU.ActiveCfg = Debug|Any CPU
		{73ABAE95-3197-9EDD-91B6-7E98656CF7D1}.Debug Frontend|Any CPU.Build.0 = Debug|Any CPU
		{73ABAE95-3197-9EDD-91B6-7E98656CF7D1}.Debug R21|Any CPU.ActiveCfg = Debug|Any CPU
		{73ABAE95-3197-9EDD-91B6-7E98656CF7D1}.Debug R21|Any CPU.Build.0 = Debug|Any CPU
		{73ABAE95-3197-9EDD-91B6-7E98656CF7D1}.Debug R22|Any CPU.ActiveCfg = Debug|Any CPU
		{73ABAE95-3197-9EDD-91B6-7E98656CF7D1}.Debug R22|Any CPU.Build.0 = Debug|Any CPU
		{73ABAE95-3197-9EDD-91B6-7E98656CF7D1}.Debug R23|Any CPU.ActiveCfg = Debug|Any CPU
		{73ABAE95-3197-9EDD-91B6-7E98656CF7D1}.Debug R23|Any CPU.Build.0 = Debug|Any CPU
		{73ABAE95-3197-9EDD-91B6-7E98656CF7D1}.Debug R24|Any CPU.ActiveCfg = Debug|Any CPU
		{73ABAE95-3197-9EDD-91B6-7E98656CF7D1}.Debug R24|Any CPU.Build.0 = Debug|Any CPU
		{73ABAE95-3197-9EDD-91B6-7E98656CF7D1}.Debug R25|Any CPU.ActiveCfg = Debug|Any CPU
		{73ABAE95-3197-9EDD-91B6-7E98656CF7D1}.Debug R25|Any CPU.Build.0 = Debug|Any CPU
		{73ABAE95-3197-9EDD-91B6-7E98656CF7D1}.Debug R26|Any CPU.ActiveCfg = Debug|Any CPU
		{73ABAE95-3197-9EDD-91B6-7E98656CF7D1}.Debug R26|Any CPU.Build.0 = Debug|Any CPU
		{73ABAE95-3197-9EDD-91B6-7E98656CF7D1}.Release Frontend|Any CPU.ActiveCfg = Release|Any CPU
		{73ABAE95-3197-9EDD-91B6-7E98656CF7D1}.Release Frontend|Any CPU.Build.0 = Release|Any CPU
		{73ABAE95-3197-9EDD-91B6-7E98656CF7D1}.Release R21|Any CPU.ActiveCfg = Release|Any CPU
		{73ABAE95-3197-9EDD-91B6-7E98656CF7D1}.Release R21|Any CPU.Build.0 = Release|Any CPU
		{73ABAE95-3197-9EDD-91B6-7E98656CF7D1}.Release R22|Any CPU.ActiveCfg = Release|Any CPU
		{73ABAE95-3197-9EDD-91B6-7E98656CF7D1}.Release R22|Any CPU.Build.0 = Release|Any CPU
		{73ABAE95-3197-9EDD-91B6-7E98656CF7D1}.Release R23|Any CPU.ActiveCfg = Release|Any CPU
		{73ABAE95-3197-9EDD-91B6-7E98656CF7D1}.Release R23|Any CPU.Build.0 = Release|Any CPU
		{73ABAE95-3197-9EDD-91B6-7E98656CF7D1}.Release R24|Any CPU.ActiveCfg = Release|Any CPU
		{73ABAE95-3197-9EDD-91B6-7E98656CF7D1}.Release R24|Any CPU.Build.0 = Release|Any CPU
		{73ABAE95-3197-9EDD-91B6-7E98656CF7D1}.Release R25|Any CPU.ActiveCfg = Release|Any CPU
		{73ABAE95-3197-9EDD-91B6-7E98656CF7D1}.Release R25|Any CPU.Build.0 = Release|Any CPU
		{73ABAE95-3197-9EDD-91B6-7E98656CF7D1}.Release R26|Any CPU.ActiveCfg = Release|Any CPU
		{73ABAE95-3197-9EDD-91B6-7E98656CF7D1}.Release R26|Any CPU.Build.0 = Release|Any CPU
		{7DF908B3-503D-51C2-3675-626DC2895B77}.Debug Frontend|Any CPU.ActiveCfg = Debug|Any CPU
		{7DF908B3-503D-51C2-3675-626DC2895B77}.Debug R21|Any CPU.ActiveCfg = Debug|Any CPU
		{7DF908B3-503D-51C2-3675-626DC2895B77}.Debug R22|Any CPU.ActiveCfg = Debug|Any CPU
		{7DF908B3-503D-51C2-3675-626DC2895B77}.Debug R23|Any CPU.ActiveCfg = Debug|Any CPU
		{7DF908B3-503D-51C2-3675-626DC2895B77}.Debug R24|Any CPU.ActiveCfg = Debug|Any CPU
		{7DF908B3-503D-51C2-3675-626DC2895B77}.Debug R25|Any CPU.ActiveCfg = Debug|Any CPU
		{7DF908B3-503D-51C2-3675-626DC2895B77}.Debug R26|Any CPU.ActiveCfg = Debug|Any CPU
		{7DF908B3-503D-51C2-3675-626DC2895B77}.Release Frontend|Any CPU.ActiveCfg = Release|Any CPU
		{7DF908B3-503D-51C2-3675-626DC2895B77}.Release R21|Any CPU.ActiveCfg = Release|Any CPU
		{7DF908B3-503D-51C2-3675-626DC2895B77}.Release R22|Any CPU.ActiveCfg = Release|Any CPU
		{7DF908B3-503D-51C2-3675-626DC2895B77}.Release R23|Any CPU.ActiveCfg = Release|Any CPU
		{7DF908B3-503D-51C2-3675-626DC2895B77}.Release R24|Any CPU.ActiveCfg = Release|Any CPU
		{7DF908B3-503D-51C2-3675-626DC2895B77}.Release R25|Any CPU.ActiveCfg = Release|Any CPU
		{7DF908B3-503D-51C2-3675-626DC2895B77}.Release R26|Any CPU.ActiveCfg = Release|Any CPU
		{0B3682BA-1074-598D-D8A6-04BB7116F36C}.Debug Frontend|Any CPU.ActiveCfg = Debug|Any CPU
		{0B3682BA-1074-598D-D8A6-04BB7116F36C}.Debug R21|Any CPU.ActiveCfg = Debug|Any CPU
		{0B3682BA-1074-598D-D8A6-04BB7116F36C}.Debug R22|Any CPU.ActiveCfg = Debug|Any CPU
		{0B3682BA-1074-598D-D8A6-04BB7116F36C}.Debug R23|Any CPU.ActiveCfg = Debug|Any CPU
		{0B3682BA-1074-598D-D8A6-04BB7116F36C}.Debug R24|Any CPU.ActiveCfg = Debug|Any CPU
		{0B3682BA-1074-598D-D8A6-04BB7116F36C}.Debug R25|Any CPU.ActiveCfg = Debug|Any CPU
		{0B3682BA-1074-598D-D8A6-04BB7116F36C}.Debug R26|Any CPU.ActiveCfg = Debug|Any CPU
		{0B3682BA-1074-598D-D8A6-04BB7116F36C}.Release Frontend|Any CPU.ActiveCfg = Release|Any CPU
		{0B3682BA-1074-598D-D8A6-04BB7116F36C}.Release R21|Any CPU.ActiveCfg = Release|Any CPU
		{0B3682BA-1074-598D-D8A6-04BB7116F36C}.Release R22|Any CPU.ActiveCfg = Release|Any CPU
		{0B3682BA-1074-598D-D8A6-04BB7116F36C}.Release R23|Any CPU.ActiveCfg = Release|Any CPU
		{0B3682BA-1074-598D-D8A6-04BB7116F36C}.Release R24|Any CPU.ActiveCfg = Release|Any CPU
		{0B3682BA-1074-598D-D8A6-04BB7116F36C}.Release R25|Any CPU.ActiveCfg = Release|Any CPU
		{0B3682BA-1074-598D-D8A6-04BB7116F36C}.Release R26|Any CPU.ActiveCfg = Release|Any CPU
		{0D371EE0-CACB-A06A-D782-AE132BC451AF}.Debug Frontend|Any CPU.ActiveCfg = Debug|Any CPU
		{0D371EE0-CACB-A06A-D782-AE132BC451AF}.Debug Frontend|Any CPU.Build.0 = Debug|Any CPU
		{0D371EE0-CACB-A06A-D782-AE132BC451AF}.Debug R21|Any CPU.ActiveCfg = Debug|Any CPU
		{0D371EE0-CACB-A06A-D782-AE132BC451AF}.Debug R21|Any CPU.Build.0 = Debug|Any CPU
		{0D371EE0-CACB-A06A-D782-AE132BC451AF}.Debug R22|Any CPU.ActiveCfg = Debug|Any CPU
		{0D371EE0-CACB-A06A-D782-AE132BC451AF}.Debug R22|Any CPU.Build.0 = Debug|Any CPU
		{0D371EE0-CACB-A06A-D782-AE132BC451AF}.Debug R23|Any CPU.ActiveCfg = Debug|Any CPU
		{0D371EE0-CACB-A06A-D782-AE132BC451AF}.Debug R23|Any CPU.Build.0 = Debug|Any CPU
		{0D371EE0-CACB-A06A-D782-AE132BC451AF}.Debug R24|Any CPU.ActiveCfg = Debug|Any CPU
		{0D371EE0-CACB-A06A-D782-AE132BC451AF}.Debug R24|Any CPU.Build.0 = Debug|Any CPU
		{0D371EE0-CACB-A06A-D782-AE132BC451AF}.Debug R25|Any CPU.ActiveCfg = Debug|Any CPU
		{0D371EE0-CACB-A06A-D782-AE132BC451AF}.Debug R25|Any CPU.Build.0 = Debug|Any CPU
		{0D371EE0-CACB-A06A-D782-AE132BC451AF}.Debug R26|Any CPU.ActiveCfg = Debug|Any CPU
		{0D371EE0-CACB-A06A-D782-AE132BC451AF}.Debug R26|Any CPU.Build.0 = Debug|Any CPU
		{0D371EE0-CACB-A06A-D782-AE132BC451AF}.Release Frontend|Any CPU.ActiveCfg = Release|Any CPU
		{0D371EE0-CACB-A06A-D782-AE132BC451AF}.Release Frontend|Any CPU.Build.0 = Release|Any CPU
		{0D371EE0-CACB-A06A-D782-AE132BC451AF}.Release R21|Any CPU.ActiveCfg = Release|Any CPU
		{0D371EE0-CACB-A06A-D782-AE132BC451AF}.Release R21|Any CPU.Build.0 = Release|Any CPU
		{0D371EE0-CACB-A06A-D782-AE132BC451AF}.Release R22|Any CPU.ActiveCfg = Release|Any CPU
		{0D371EE0-CACB-A06A-D782-AE132BC451AF}.Release R22|Any CPU.Build.0 = Release|Any CPU
		{0D371EE0-CACB-A06A-D782-AE132BC451AF}.Release R23|Any CPU.ActiveCfg = Release|Any CPU
		{0D371EE0-CACB-A06A-D782-AE132BC451AF}.Release R23|Any CPU.Build.0 = Release|Any CPU
		{0D371EE0-CACB-A06A-D782-AE132BC451AF}.Release R24|Any CPU.ActiveCfg = Release|Any CPU
		{0D371EE0-CACB-A06A-D782-AE132BC451AF}.Release R24|Any CPU.Build.0 = Release|Any CPU
		{0D371EE0-CACB-A06A-D782-AE132BC451AF}.Release R25|Any CPU.ActiveCfg = Release|Any CPU
		{0D371EE0-CACB-A06A-D782-AE132BC451AF}.Release R25|Any CPU.Build.0 = Release|Any CPU
		{0D371EE0-CACB-A06A-D782-AE132BC451AF}.Release R26|Any CPU.ActiveCfg = Release|Any CPU
		{0D371EE0-CACB-A06A-D782-AE132BC451AF}.Release R26|Any CPU.Build.0 = Release|Any CPU
		{BCD9FF6E-BE02-B415-B044-ED1BF2A6C78C}.Debug Frontend|Any CPU.ActiveCfg = Debug|Any CPU
		{BCD9FF6E-BE02-B415-B044-ED1BF2A6C78C}.Debug Frontend|Any CPU.Build.0 = Debug|Any CPU
		{BCD9FF6E-BE02-B415-B044-ED1BF2A6C78C}.Debug R21|Any CPU.ActiveCfg = Debug|Any CPU
		{BCD9FF6E-BE02-B415-B044-ED1BF2A6C78C}.Debug R21|Any CPU.Build.0 = Debug|Any CPU
		{BCD9FF6E-BE02-B415-B044-ED1BF2A6C78C}.Debug R22|Any CPU.ActiveCfg = Debug|Any CPU
		{BCD9FF6E-BE02-B415-B044-ED1BF2A6C78C}.Debug R22|Any CPU.Build.0 = Debug|Any CPU
		{BCD9FF6E-BE02-B415-B044-ED1BF2A6C78C}.Debug R23|Any CPU.ActiveCfg = Debug|Any CPU
		{BCD9FF6E-BE02-B415-B044-ED1BF2A6C78C}.Debug R23|Any CPU.Build.0 = Debug|Any CPU
		{BCD9FF6E-BE02-B415-B044-ED1BF2A6C78C}.Debug R24|Any CPU.ActiveCfg = Debug|Any CPU
		{BCD9FF6E-BE02-B415-B044-ED1BF2A6C78C}.Debug R24|Any CPU.Build.0 = Debug|Any CPU
		{BCD9FF6E-BE02-B415-B044-ED1BF2A6C78C}.Debug R25|Any CPU.ActiveCfg = Debug|Any CPU
		{BCD9FF6E-BE02-B415-B044-ED1BF2A6C78C}.Debug R25|Any CPU.Build.0 = Debug|Any CPU
		{BCD9FF6E-BE02-B415-B044-ED1BF2A6C78C}.Debug R26|Any CPU.ActiveCfg = Debug|Any CPU
		{BCD9FF6E-BE02-B415-B044-ED1BF2A6C78C}.Debug R26|Any CPU.Build.0 = Debug|Any CPU
		{BCD9FF6E-BE02-B415-B044-ED1BF2A6C78C}.Release Frontend|Any CPU.ActiveCfg = Release|Any CPU
		{BCD9FF6E-BE02-B415-B044-ED1BF2A6C78C}.Release Frontend|Any CPU.Build.0 = Release|Any CPU
		{BCD9FF6E-BE02-B415-B044-ED1BF2A6C78C}.Release R21|Any CPU.ActiveCfg = Release|Any CPU
		{BCD9FF6E-BE02-B415-B044-ED1BF2A6C78C}.Release R21|Any CPU.Build.0 = Release|Any CPU
		{BCD9FF6E-BE02-B415-B044-ED1BF2A6C78C}.Release R22|Any CPU.ActiveCfg = Release|Any CPU
		{BCD9FF6E-BE02-B415-B044-ED1BF2A6C78C}.Release R22|Any CPU.Build.0 = Release|Any CPU
		{BCD9FF6E-BE02-B415-B044-ED1BF2A6C78C}.Release R23|Any CPU.ActiveCfg = Release|Any CPU
		{BCD9FF6E-BE02-B415-B044-ED1BF2A6C78C}.Release R23|Any CPU.Build.0 = Release|Any CPU
		{BCD9FF6E-BE02-B415-B044-ED1BF2A6C78C}.Release R24|Any CPU.ActiveCfg = Release|Any CPU
		{BCD9FF6E-BE02-B415-B044-ED1BF2A6C78C}.Release R24|Any CPU.Build.0 = Release|Any CPU
		{BCD9FF6E-BE02-B415-B044-ED1BF2A6C78C}.Release R25|Any CPU.ActiveCfg = Release|Any CPU
		{BCD9FF6E-BE02-B415-B044-ED1BF2A6C78C}.Release R25|Any CPU.Build.0 = Release|Any CPU
		{BCD9FF6E-BE02-B415-B044-ED1BF2A6C78C}.Release R26|Any CPU.ActiveCfg = Release|Any CPU
		{BCD9FF6E-BE02-B415-B044-ED1BF2A6C78C}.Release R26|Any CPU.Build.0 = Release|Any CPU
		{9C404DD0-7432-AC52-C418-C8553495A0E3}.Debug Frontend|Any CPU.ActiveCfg = Debug|Any CPU
		{9C404DD0-7432-AC52-C418-C8553495A0E3}.Debug Frontend|Any CPU.Build.0 = Debug|Any CPU
		{9C404DD0-7432-AC52-C418-C8553495A0E3}.Debug R21|Any CPU.ActiveCfg = Debug|Any CPU
		{9C404DD0-7432-AC52-C418-C8553495A0E3}.Debug R21|Any CPU.Build.0 = Debug|Any CPU
		{9C404DD0-7432-AC52-C418-C8553495A0E3}.Debug R22|Any CPU.ActiveCfg = Debug|Any CPU
		{9C404DD0-7432-AC52-C418-C8553495A0E3}.Debug R22|Any CPU.Build.0 = Debug|Any CPU
		{9C404DD0-7432-AC52-C418-C8553495A0E3}.Debug R23|Any CPU.ActiveCfg = Debug|Any CPU
		{9C404DD0-7432-AC52-C418-C8553495A0E3}.Debug R23|Any CPU.Build.0 = Debug|Any CPU
		{9C404DD0-7432-AC52-C418-C8553495A0E3}.Debug R24|Any CPU.ActiveCfg = Debug|Any CPU
		{9C404DD0-7432-AC52-C418-C8553495A0E3}.Debug R24|Any CPU.Build.0 = Debug|Any CPU
		{9C404DD0-7432-AC52-C418-C8553495A0E3}.Debug R25|Any CPU.ActiveCfg = Debug|Any CPU
		{9C404DD0-7432-AC52-C418-C8553495A0E3}.Debug R25|Any CPU.Build.0 = Debug|Any CPU
		{9C404DD0-7432-AC52-C418-C8553495A0E3}.Debug R26|Any CPU.ActiveCfg = Debug|Any CPU
		{9C404DD0-7432-AC52-C418-C8553495A0E3}.Debug R26|Any CPU.Build.0 = Debug|Any CPU
		{9C404DD0-7432-AC52-C418-C8553495A0E3}.Release Frontend|Any CPU.ActiveCfg = Release|Any CPU
		{9C404DD0-7432-AC52-C418-C8553495A0E3}.Release Frontend|Any CPU.Build.0 = Release|Any CPU
		{9C404DD0-7432-AC52-C418-C8553495A0E3}.Release R21|Any CPU.ActiveCfg = Release|Any CPU
		{9C404DD0-7432-AC52-C418-C8553495A0E3}.Release R21|Any CPU.Build.0 = Release|Any CPU
		{9C404DD0-7432-AC52-C418-C8553495A0E3}.Release R22|Any CPU.ActiveCfg = Release|Any CPU
		{9C404DD0-7432-AC52-C418-C8553495A0E3}.Release R22|Any CPU.Build.0 = Release|Any CPU
		{9C404DD0-7432-AC52-C418-C8553495A0E3}.Release R23|Any CPU.ActiveCfg = Release|Any CPU
		{9C404DD0-7432-AC52-C418-C8553495A0E3}.Release R23|Any CPU.Build.0 = Release|Any CPU
		{9C404DD0-7432-AC52-C418-C8553495A0E3}.Release R24|Any CPU.ActiveCfg = Release|Any CPU
		{9C404DD0-7432-AC52-C418-C8553495A0E3}.Release R24|Any CPU.Build.0 = Release|Any CPU
		{9C404DD0-7432-AC52-C418-C8553495A0E3}.Release R25|Any CPU.ActiveCfg = Release|Any CPU
		{9C404DD0-7432-AC52-C418-C8553495A0E3}.Release R25|Any CPU.Build.0 = Release|Any CPU
		{9C404DD0-7432-AC52-C418-C8553495A0E3}.Release R26|Any CPU.ActiveCfg = Release|Any CPU
		{9C404DD0-7432-AC52-C418-C8553495A0E3}.Release R26|Any CPU.Build.0 = Release|Any CPU
		{925534FD-C38B-5571-23B0-62982B24DC6C}.Debug Frontend|Any CPU.ActiveCfg = Debug|Any CPU
		{925534FD-C38B-5571-23B0-62982B24DC6C}.Debug Frontend|Any CPU.Build.0 = Debug|Any CPU
		{925534FD-C38B-5571-23B0-62982B24DC6C}.Debug R21|Any CPU.ActiveCfg = Debug|Any CPU
		{925534FD-C38B-5571-23B0-62982B24DC6C}.Debug R21|Any CPU.Build.0 = Debug|Any CPU
		{925534FD-C38B-5571-23B0-62982B24DC6C}.Debug R22|Any CPU.ActiveCfg = Debug|Any CPU
		{925534FD-C38B-5571-23B0-62982B24DC6C}.Debug R22|Any CPU.Build.0 = Debug|Any CPU
		{925534FD-C38B-5571-23B0-62982B24DC6C}.Debug R23|Any CPU.ActiveCfg = Debug|Any CPU
		{925534FD-C38B-5571-23B0-62982B24DC6C}.Debug R23|Any CPU.Build.0 = Debug|Any CPU
		{925534FD-C38B-5571-23B0-62982B24DC6C}.Debug R24|Any CPU.ActiveCfg = Debug|Any CPU
		{925534FD-C38B-5571-23B0-62982B24DC6C}.Debug R24|Any CPU.Build.0 = Debug|Any CPU
		{925534FD-C38B-5571-23B0-62982B24DC6C}.Debug R25|Any CPU.ActiveCfg = Debug|Any CPU
		{925534FD-C38B-5571-23B0-62982B24DC6C}.Debug R25|Any CPU.Build.0 = Debug|Any CPU
		{925534FD-C38B-5571-23B0-62982B24DC6C}.Debug R26|Any CPU.ActiveCfg = Debug|Any CPU
		{925534FD-C38B-5571-23B0-62982B24DC6C}.Debug R26|Any CPU.Build.0 = Debug|Any CPU
		{925534FD-C38B-5571-23B0-62982B24DC6C}.Release Frontend|Any CPU.ActiveCfg = Release|Any CPU
		{925534FD-C38B-5571-23B0-62982B24DC6C}.Release Frontend|Any CPU.Build.0 = Release|Any CPU
		{925534FD-C38B-5571-23B0-62982B24DC6C}.Release R21|Any CPU.ActiveCfg = Release|Any CPU
		{925534FD-C38B-5571-23B0-62982B24DC6C}.Release R21|Any CPU.Build.0 = Release|Any CPU
		{925534FD-C38B-5571-23B0-62982B24DC6C}.Release R22|Any CPU.ActiveCfg = Release|Any CPU
		{925534FD-C38B-5571-23B0-62982B24DC6C}.Release R22|Any CPU.Build.0 = Release|Any CPU
		{925534FD-C38B-5571-23B0-62982B24DC6C}.Release R23|Any CPU.ActiveCfg = Release|Any CPU
		{925534FD-C38B-5571-23B0-62982B24DC6C}.Release R23|Any CPU.Build.0 = Release|Any CPU
		{925534FD-C38B-5571-23B0-62982B24DC6C}.Release R24|Any CPU.ActiveCfg = Release|Any CPU
		{925534FD-C38B-5571-23B0-62982B24DC6C}.Release R24|Any CPU.Build.0 = Release|Any CPU
		{925534FD-C38B-5571-23B0-62982B24DC6C}.Release R25|Any CPU.ActiveCfg = Release|Any CPU
		{925534FD-C38B-5571-23B0-62982B24DC6C}.Release R25|Any CPU.Build.0 = Release|Any CPU
		{925534FD-C38B-5571-23B0-62982B24DC6C}.Release R26|Any CPU.ActiveCfg = Release|Any CPU
		{925534FD-C38B-5571-23B0-62982B24DC6C}.Release R26|Any CPU.Build.0 = Release|Any CPU
		{4FADCDA4-2A63-BF3E-03C8-20102440CA7C}.Debug Frontend|Any CPU.ActiveCfg = Debug|Any CPU
		{4FADCDA4-2A63-BF3E-03C8-20102440CA7C}.Debug Frontend|Any CPU.Build.0 = Debug|Any CPU
		{4FADCDA4-2A63-BF3E-03C8-20102440CA7C}.Debug R21|Any CPU.ActiveCfg = Debug|Any CPU
		{4FADCDA4-2A63-BF3E-03C8-20102440CA7C}.Debug R22|Any CPU.ActiveCfg = Debug|Any CPU
		{4FADCDA4-2A63-BF3E-03C8-20102440CA7C}.Debug R23|Any CPU.ActiveCfg = Debug|Any CPU
		{4FADCDA4-2A63-BF3E-03C8-20102440CA7C}.Debug R24|Any CPU.ActiveCfg = Debug|Any CPU
		{4FADCDA4-2A63-BF3E-03C8-20102440CA7C}.Debug R25|Any CPU.ActiveCfg = Debug|Any CPU
		{4FADCDA4-2A63-BF3E-03C8-20102440CA7C}.Debug R26|Any CPU.ActiveCfg = Debug|Any CPU
		{4FADCDA4-2A63-BF3E-03C8-20102440CA7C}.Release Frontend|Any CPU.ActiveCfg = Release|Any CPU
		{4FADCDA4-2A63-BF3E-03C8-20102440CA7C}.Release Frontend|Any CPU.Build.0 = Release|Any CPU
		{4FADCDA4-2A63-BF3E-03C8-20102440CA7C}.Release R21|Any CPU.ActiveCfg = Release|Any CPU
		{4FADCDA4-2A63-BF3E-03C8-20102440CA7C}.Release R22|Any CPU.ActiveCfg = Release|Any CPU
		{4FADCDA4-2A63-BF3E-03C8-20102440CA7C}.Release R23|Any CPU.ActiveCfg = Release|Any CPU
		{4FADCDA4-2A63-BF3E-03C8-20102440CA7C}.Release R24|Any CPU.ActiveCfg = Release|Any CPU
		{4FADCDA4-2A63-BF3E-03C8-20102440CA7C}.Release R25|Any CPU.ActiveCfg = Release|Any CPU
		{4FADCDA4-2A63-BF3E-03C8-20102440CA7C}.Release R26|Any CPU.ActiveCfg = Release|Any CPU
		{E182145B-2BE1-3255-60A4-5938576D89D9}.Debug Frontend|Any CPU.ActiveCfg = Debug|Any CPU
		{E182145B-2BE1-3255-60A4-5938576D89D9}.Debug Frontend|Any CPU.Build.0 = Debug|Any CPU
		{E182145B-2BE1-3255-60A4-5938576D89D9}.Debug R21|Any CPU.ActiveCfg = Debug|Any CPU
		{E182145B-2BE1-3255-60A4-5938576D89D9}.Debug R21|Any CPU.Build.0 = Debug|Any CPU
		{E182145B-2BE1-3255-60A4-5938576D89D9}.Debug R22|Any CPU.ActiveCfg = Debug|Any CPU
		{E182145B-2BE1-3255-60A4-5938576D89D9}.Debug R22|Any CPU.Build.0 = Debug|Any CPU
		{E182145B-2BE1-3255-60A4-5938576D89D9}.Debug R23|Any CPU.ActiveCfg = Debug|Any CPU
		{E182145B-2BE1-3255-60A4-5938576D89D9}.Debug R23|Any CPU.Build.0 = Debug|Any CPU
		{E182145B-2BE1-3255-60A4-5938576D89D9}.Debug R24|Any CPU.ActiveCfg = Debug|Any CPU
		{E182145B-2BE1-3255-60A4-5938576D89D9}.Debug R24|Any CPU.Build.0 = Debug|Any CPU
		{E182145B-2BE1-3255-60A4-5938576D89D9}.Debug R25|Any CPU.ActiveCfg = Debug|Any CPU
		{E182145B-2BE1-3255-60A4-5938576D89D9}.Debug R25|Any CPU.Build.0 = Debug|Any CPU
		{E182145B-2BE1-3255-60A4-5938576D89D9}.Debug R26|Any CPU.ActiveCfg = Debug|Any CPU
		{E182145B-2BE1-3255-60A4-5938576D89D9}.Debug R26|Any CPU.Build.0 = Debug|Any CPU
		{E182145B-2BE1-3255-60A4-5938576D89D9}.Release Frontend|Any CPU.ActiveCfg = Release|Any CPU
		{E182145B-2BE1-3255-60A4-5938576D89D9}.Release Frontend|Any CPU.Build.0 = Release|Any CPU
		{E182145B-2BE1-3255-60A4-5938576D89D9}.Release R21|Any CPU.ActiveCfg = Release|Any CPU
		{E182145B-2BE1-3255-60A4-5938576D89D9}.Release R21|Any CPU.Build.0 = Release|Any CPU
		{E182145B-2BE1-3255-60A4-5938576D89D9}.Release R22|Any CPU.ActiveCfg = Release|Any CPU
		{E182145B-2BE1-3255-60A4-5938576D89D9}.Release R22|Any CPU.Build.0 = Release|Any CPU
		{E182145B-2BE1-3255-60A4-5938576D89D9}.Release R23|Any CPU.ActiveCfg = Release|Any CPU
		{E182145B-2BE1-3255-60A4-5938576D89D9}.Release R23|Any CPU.Build.0 = Release|Any CPU
		{E182145B-2BE1-3255-60A4-5938576D89D9}.Release R24|Any CPU.ActiveCfg = Release|Any CPU
		{E182145B-2BE1-3255-60A4-5938576D89D9}.Release R24|Any CPU.Build.0 = Release|Any CPU
		{E182145B-2BE1-3255-60A4-5938576D89D9}.Release R25|Any CPU.ActiveCfg = Release|Any CPU
		{E182145B-2BE1-3255-60A4-5938576D89D9}.Release R25|Any CPU.Build.0 = Release|Any CPU
		{E182145B-2BE1-3255-60A4-5938576D89D9}.Release R26|Any CPU.ActiveCfg = Release|Any CPU
		{E182145B-2BE1-3255-60A4-5938576D89D9}.Release R26|Any CPU.Build.0 = Release|Any CPU
		{7B7CA95C-9873-5ADB-DBCF-B46046742163}.Debug Frontend|Any CPU.ActiveCfg = Debug R25|Any CPU
		{7B7CA95C-9873-5ADB-DBCF-B46046742163}.Debug R21|Any CPU.ActiveCfg = Debug R21|Any CPU
		{7B7CA95C-9873-5ADB-DBCF-B46046742163}.Debug R21|Any CPU.Build.0 = Debug R21|Any CPU
		{7B7CA95C-9873-5ADB-DBCF-B46046742163}.Debug R22|Any CPU.ActiveCfg = Debug R22|Any CPU
		{7B7CA95C-9873-5ADB-DBCF-B46046742163}.Debug R22|Any CPU.Build.0 = Debug R22|Any CPU
		{7B7CA95C-9873-5ADB-DBCF-B46046742163}.Debug R23|Any CPU.ActiveCfg = Debug R23|Any CPU
		{7B7CA95C-9873-5ADB-DBCF-B46046742163}.Debug R23|Any CPU.Build.0 = Debug R23|Any CPU
		{7B7CA95C-9873-5ADB-DBCF-B46046742163}.Debug R24|Any CPU.ActiveCfg = Debug R24|Any CPU
		{7B7CA95C-9873-5ADB-DBCF-B46046742163}.Debug R24|Any CPU.Build.0 = Debug R24|Any CPU
		{7B7CA95C-9873-5ADB-DBCF-B46046742163}.Debug R25|Any CPU.ActiveCfg = Debug R25|Any CPU
		{7B7CA95C-9873-5ADB-DBCF-B46046742163}.Debug R25|Any CPU.Build.0 = Debug R25|Any CPU
		{7B7CA95C-9873-5ADB-DBCF-B46046742163}.Debug R26|Any CPU.ActiveCfg = Debug R26|Any CPU
		{7B7CA95C-9873-5ADB-DBCF-B46046742163}.Debug R26|Any CPU.Build.0 = Debug R26|Any CPU
		{7B7CA95C-9873-5ADB-DBCF-B46046742163}.Release Frontend|Any CPU.ActiveCfg = Release R25|Any CPU
		{7B7CA95C-9873-5ADB-DBCF-B46046742163}.Release R21|Any CPU.ActiveCfg = Release R21|Any CPU
		{7B7CA95C-9873-5ADB-DBCF-B46046742163}.Release R21|Any CPU.Build.0 = Release R21|Any CPU
		{7B7CA95C-9873-5ADB-DBCF-B46046742163}.Release R22|Any CPU.ActiveCfg = Release R22|Any CPU
		{7B7CA95C-9873-5ADB-DBCF-B46046742163}.Release R22|Any CPU.Build.0 = Release R22|Any CPU
		{7B7CA95C-9873-5ADB-DBCF-B46046742163}.Release R23|Any CPU.ActiveCfg = Release R23|Any CPU
		{7B7CA95C-9873-5ADB-DBCF-B46046742163}.Release R23|Any CPU.Build.0 = Release R23|Any CPU
		{7B7CA95C-9873-5ADB-DBCF-B46046742163}.Release R24|Any CPU.ActiveCfg = Release R24|Any CPU
		{7B7CA95C-9873-5ADB-DBCF-B46046742163}.Release R24|Any CPU.Build.0 = Release R24|Any CPU
		{7B7CA95C-9873-5ADB-DBCF-B46046742163}.Release R25|Any CPU.ActiveCfg = Release R25|Any CPU
		{7B7CA95C-9873-5ADB-DBCF-B46046742163}.Release R25|Any CPU.Build.0 = Release R25|Any CPU
		{7B7CA95C-9873-5ADB-DBCF-B46046742163}.Release R26|Any CPU.ActiveCfg = Release R26|Any CPU
		{7B7CA95C-9873-5ADB-DBCF-B46046742163}.Release R26|Any CPU.Build.0 = Release R26|Any CPU
	EndGlobalSection
	GlobalSection(NestedProjects) = preSolution
		{7DF908B3-503D-51C2-3675-626DC2895B77} = {BE4A8008-4A00-8C08-26C2-BD576741EBBE}
		{0B3682BA-1074-598D-D8A6-04BB7116F36C} = {BE4A8008-4A00-8C08-26C2-BD576741EBBE}
		{0D371EE0-CACB-A06A-D782-AE132BC451AF} = {D585295F-7994-3649-1065-7AA403C41681}
		{BCD9FF6E-BE02-B415-B044-ED1BF2A6C78C} = {D585295F-7994-3649-1065-7AA403C41681}
		{9C404DD0-7432-AC52-C418-C8553495A0E3} = {CE609670-85B9-0D16-FB54-ED063D5D8A6D}
		{925534FD-C38B-5571-23B0-62982B24DC6C} = {CE609670-85B9-0D16-FB54-ED063D5D8A6D}
		{4FADCDA4-2A63-BF3E-03C8-20102440CA7C} = {CE609670-85B9-0D16-FB54-ED063D5D8A6D}
		{E182145B-2BE1-3255-60A4-5938576D89D9} = {CE609670-85B9-0D16-FB54-ED063D5D8A6D}
		{7B7CA95C-9873-5ADB-DBCF-B46046742163} = {D64246B1-3E22-9D95-23C6-14262B074D58}
	EndGlobalSection
EndGlobal
